
Microsoft Visual Studio Solution File, Format Version 12.00
# Visual Studio Version 16
VisualStudioVersion = 16.0.29411.108
MinimumVisualStudioVersion = 10.0.40219.1
Project("{FAE04EC0-301F-11D3-BF4B-00C04F79EFBC}") = "Esercizio Form 2", "Esercizio Form 2\Esercizio Form 2.csproj", "{C5F430B5-11BE-4B5E-8679-9DC7C273F2C2}"
EndProject
Global
	GlobalSection(SolutionConfigurationPlatforms) = preSolution
		Debug|Any CPU = Debug|Any CPU
		Release|Any CPU = Release|Any CPU
	EndGlobalSection
	GlobalSection(ProjectConfigurationPlatforms) = postSolution
		{C5F430B5-11BE-4B5E-8679-9DC7C273F2C2}.Debug|Any CPU.ActiveCfg = Debug|Any CPU
		{C5F430B5-11BE-4B5E-8679-9DC7C273F2C2}.Debug|Any CPU.Build.0 = Debug|Any CPU
		{C5F430B5-11BE-4B5E-8679-9DC7C273F2C2}.Release|Any CPU.ActiveCfg = Release|Any CPU
		{C5F430B5-11BE-4B5E-8679-9DC7C273F2C2}.Release|Any CPU.Build.0 = Release|Any CPU
	EndGlobalSection
	GlobalSection(SolutionProperties) = preSolution
		HideSolutionNode = FALSE
	EndGlobalSection
	GlobalSection(ExtensibilityGlobals) = postSolution
		SolutionGuid = {D9710C2A-EF0A-4720-B728-17B9BBB3B527}
	EndGlobalSection
EndGlobal
