
Microsoft Visual Studio Solution File, Format Version 12.00
# Visual Studio Version 16
VisualStudioVersion = 16.0.29411.108
MinimumVisualStudioVersion = 10.0.40219.1
Project("{FAE04EC0-301F-11D3-BF4B-00C04F79EFBC}") = "Programmazione OOP", "Programmazione OOP\Programmazione OOP.csproj", "{A38A8280-61C4-4FA7-815D-8C0FC090DFB0}"
EndProject
Global
	GlobalSection(SolutionConfigurationPlatforms) = preSolution
		Debug|Any CPU = Debug|Any CPU
		Release|Any CPU = Release|Any CPU
	EndGlobalSection
	GlobalSection(ProjectConfigurationPlatforms) = postSolution
		{A38A8280-61C4-4FA7-815D-8C0FC090DFB0}.Debug|Any CPU.ActiveCfg = Debug|Any CPU
		{A38A8280-61C4-4FA7-815D-8C0FC090DFB0}.Debug|Any CPU.Build.0 = Debug|Any CPU
		{A38A8280-61C4-4FA7-815D-8C0FC090DFB0}.Release|Any CPU.ActiveCfg = Release|Any CPU
		{A38A8280-61C4-4FA7-815D-8C0FC090DFB0}.Release|Any CPU.Build.0 = Release|Any CPU
	EndGlobalSection
	GlobalSection(SolutionProperties) = preSolution
		HideSolutionNode = FALSE
	EndGlobalSection
	GlobalSection(ExtensibilityGlobals) = postSolution
		SolutionGuid = {B273EE57-60C5-4E74-87E3-4EE1AE10FDA8}
	EndGlobalSection
EndGlobal
