
Microsoft Visual Studio Solution File, Format Version 12.00
# Visual Studio Version 16
VisualStudioVersion = 16.0.30523.141
MinimumVisualStudioVersion = 10.0.40219.1
Project("{FAE04EC0-301F-11D3-BF4B-00C04F79EFBC}") = "Data e orario", "Data e orario\Data e orario.csproj", "{AD66225B-74E8-44C4-85FD-B0F1A0D5ED90}"
EndProject
Global
	GlobalSection(SolutionConfigurationPlatforms) = preSolution
		Debug|Any CPU = Debug|Any CPU
		Release|Any CPU = Release|Any CPU
	EndGlobalSection
	GlobalSection(ProjectConfigurationPlatforms) = postSolution
		{AD66225B-74E8-44C4-85FD-B0F1A0D5ED90}.Debug|Any CPU.ActiveCfg = Debug|Any CPU
		{AD66225B-74E8-44C4-85FD-B0F1A0D5ED90}.Debug|Any CPU.Build.0 = Debug|Any CPU
		{AD66225B-74E8-44C4-85FD-B0F1A0D5ED90}.Release|Any CPU.ActiveCfg = Release|Any CPU
		{AD66225B-74E8-44C4-85FD-B0F1A0D5ED90}.Release|Any CPU.Build.0 = Release|Any CPU
	EndGlobalSection
	GlobalSection(SolutionProperties) = preSolution
		HideSolutionNode = FALSE
	EndGlobalSection
	GlobalSection(ExtensibilityGlobals) = postSolution
		SolutionGuid = {EC55EFEF-5766-4609-895A-55122FB7ED9E}
	EndGlobalSection
EndGlobal
