
Microsoft Visual Studio Solution File, Format Version 12.00
# Visual Studio Version 16
VisualStudioVersion = 16.0.30523.141
MinimumVisualStudioVersion = 10.0.40219.1
Project("{FAE04EC0-301F-11D3-BF4B-00C04F79EFBC}") = "Lancio dado", "Lancio dado\Lancio dado.csproj", "{24CE9588-9358-4D9A-BE28-2533D952E080}"
EndProject
Global
	GlobalSection(SolutionConfigurationPlatforms) = preSolution
		Debug|Any CPU = Debug|Any CPU
		Release|Any CPU = Release|Any CPU
	EndGlobalSection
	GlobalSection(ProjectConfigurationPlatforms) = postSolution
		{24CE9588-9358-4D9A-BE28-2533D952E080}.Debug|Any CPU.ActiveCfg = Debug|Any CPU
		{24CE9588-9358-4D9A-BE28-2533D952E080}.Debug|Any CPU.Build.0 = Debug|Any CPU
		{24CE9588-9358-4D9A-BE28-2533D952E080}.Release|Any CPU.ActiveCfg = Release|Any CPU
		{24CE9588-9358-4D9A-BE28-2533D952E080}.Release|Any CPU.Build.0 = Release|Any CPU
	EndGlobalSection
	GlobalSection(SolutionProperties) = preSolution
		HideSolutionNode = FALSE
	EndGlobalSection
	GlobalSection(ExtensibilityGlobals) = postSolution
		SolutionGuid = {EE1045C8-41EA-4841-8D0F-104857808A53}
	EndGlobalSection
EndGlobal
