
Microsoft Visual Studio Solution File, Format Version 12.00
# Visual Studio Version 16
VisualStudioVersion = 16.0.29411.108
MinimumVisualStudioVersion = 10.0.40219.1
Project("{FAE04EC0-301F-11D3-BF4B-00C04F79EFBC}") = "ZERBIN SIMONE", "ZERBIN SIMONE\ZERBIN SIMONE.csproj", "{5EE9F681-81A1-4ACF-8FF7-16DEFC811151}"
EndProject
Global
	GlobalSection(SolutionConfigurationPlatforms) = preSolution
		Debug|Any CPU = Debug|Any CPU
		Release|Any CPU = Release|Any CPU
	EndGlobalSection
	GlobalSection(ProjectConfigurationPlatforms) = postSolution
		{5EE9F681-81A1-4ACF-8FF7-16DEFC811151}.Debug|Any CPU.ActiveCfg = Debug|Any CPU
		{5EE9F681-81A1-4ACF-8FF7-16DEFC811151}.Debug|Any CPU.Build.0 = Debug|Any CPU
		{5EE9F681-81A1-4ACF-8FF7-16DEFC811151}.Release|Any CPU.ActiveCfg = Release|Any CPU
		{5EE9F681-81A1-4ACF-8FF7-16DEFC811151}.Release|Any CPU.Build.0 = Release|Any CPU
	EndGlobalSection
	GlobalSection(SolutionProperties) = preSolution
		HideSolutionNode = FALSE
	EndGlobalSection
	GlobalSection(ExtensibilityGlobals) = postSolution
		SolutionGuid = {E2D06A6D-B38C-42FD-B61C-AD762757C3CF}
	EndGlobalSection
EndGlobal
